lockfile_version: '1'
generated_at: '2026-06-06T13:12:01.841237+00:00'
apm_version: 0.15.0
dependencies:
- repo_url: anthropics/skills
  host: github.com
  resolved_commit: da20c92503b2e8ff1cf28ca81a0df4673debdbf7
  virtual_path: skills/skill-creator
  is_virtual: true
  package_type: claude_skill
  deployed_files:
  - .agents/skills/skill-creator
  content_hash: sha256:b2bfe91d69ca99994c0566baede889e7d2b9bb8791c6b6106c5d387392f717f6
  is_dev: true
- repo_url: vercel-labs/skills
  host: github.com
  resolved_commit: a561e790756b2785b9ddb82285c4eb0a08258ac9
  virtual_path: skills/find-skills
  is_virtual: true
  package_type: claude_skill
  deployed_files:
  - .agents/skills/find-skills
  content_hash: sha256:d31e234f0c90694a670222cdd1dafa853e051d7066beda389f1097c22dadd461
  is_dev: true
